
Microsoft Visual Studio Solution File, Format Version 12.00
# Visual Studio 14
VisualStudioVersion = 14.0.25420.1
MinimumVisualStudioVersion = 10.0.40219.1
Project("{8BC9CEB8-8B4A-11D0-8D11-00A0C91BC942}") = "Hellosocket", "Hellosocket\Hellosocket.vcxproj", "{A3EB5D07-28D3-4A40-BB00-80725FCD439F}"
EndProject
Project("{8BC9CEB8-8B4A-11D0-8D11-00A0C91BC942}") = "EasyTCPserver", "EasyTCPserver\EasyTCPserver.vcxproj", "{E8C586A0-D9CE-4748-A36C-1CE74EFED9C8}"
EndProject
Project("{8BC9CEB8-8B4A-11D0-8D11-00A0C91BC942}") = "EasyTcpClient", "EasyTcpClient\EasyTcpClient.vcxproj", "{5FA19948-FBDF-4860-BDAF-45EF0895AFA8}"
EndProject
Global
	GlobalSection(SolutionConfigurationPlatforms) = preSolution
		Debug|x64 = Debug|x64
		Debug|x86 = Debug|x86
		Release|x64 = Release|x64
		Release|x86 = Release|x86
	EndGlobalSection
	GlobalSection(ProjectConfigurationPlatforms) = postSolution
		{A3EB5D07-28D3-4A40-BB00-80725FCD439F}.Debug|x64.ActiveCfg = Debug|x64
		{A3EB5D07-28D3-4A40-BB00-80725FCD439F}.Debug|x64.Build.0 = Debug|x64
		{A3EB5D07-28D3-4A40-BB00-80725FCD439F}.Debug|x86.ActiveCfg = Debug|Win32
		{A3EB5D07-28D3-4A40-BB00-80725FCD439F}.Debug|x86.Build.0 = Debug|Win32
		{A3EB5D07-28D3-4A40-BB00-80725FCD439F}.Release|x64.ActiveCfg = Release|x64
		{A3EB5D07-28D3-4A40-BB00-80725FCD439F}.Release|x64.Build.0 = Release|x64
		{A3EB5D07-28D3-4A40-BB00-80725FCD439F}.Release|x86.ActiveCfg = Release|Win32
		{A3EB5D07-28D3-4A40-BB00-80725FCD439F}.Release|x86.Build.0 = Release|Win32
		{E8C586A0-D9CE-4748-A36C-1CE74EFED9C8}.Debug|x64.ActiveCfg = Debug|x64
		{E8C586A0-D9CE-4748-A36C-1CE74EFED9C8}.Debug|x64.Build.0 = Debug|x64
		{E8C586A0-D9CE-4748-A36C-1CE74EFED9C8}.Debug|x86.ActiveCfg = Debug|Win32
		{E8C586A0-D9CE-4748-A36C-1CE74EFED9C8}.Debug|x86.Build.0 = Debug|Win32
		{E8C586A0-D9CE-4748-A36C-1CE74EFED9C8}.Release|x64.ActiveCfg = Release|x64
		{E8C586A0-D9CE-4748-A36C-1CE74EFED9C8}.Release|x64.Build.0 = Release|x64
		{E8C586A0-D9CE-4748-A36C-1CE74EFED9C8}.Release|x86.ActiveCfg = Release|Win32
		{E8C586A0-D9CE-4748-A36C-1CE74EFED9C8}.Release|x86.Build.0 = Release|Win32
		{5FA19948-FBDF-4860-BDAF-45EF0895AFA8}.Debug|x64.ActiveCfg = Debug|x64
		{5FA19948-FBDF-4860-BDAF-45EF0895AFA8}.Debug|x64.Build.0 = Debug|x64
		{5FA19948-FBDF-4860-BDAF-45EF0895AFA8}.Debug|x86.ActiveCfg = Debug|Win32
		{5FA19948-FBDF-4860-BDAF-45EF0895AFA8}.Debug|x86.Build.0 = Debug|Win32
		{5FA19948-FBDF-4860-BDAF-45EF0895AFA8}.Release|x64.ActiveCfg = Release|x64
		{5FA19948-FBDF-4860-BDAF-45EF0895AFA8}.Release|x64.Build.0 = Release|x64
		{5FA19948-FBDF-4860-BDAF-45EF0895AFA8}.Release|x86.ActiveCfg = Release|Win32
		{5FA19948-FBDF-4860-BDAF-45EF0895AFA8}.Release|x86.Build.0 = Release|Win32
	EndGlobalSection
	GlobalSection(SolutionProperties) = preSolution
		HideSolutionNode = FALSE
	EndGlobalSection
EndGlobal
